// !$*UTF8*$!
{
	archiveVersion = 1;
	classes = {
	};
	objectVersion = 46;
	objects = {

/* Begin PBXBuildFile section */
		A301A14B1E1713C3006765E5 /* AppDelegate.swift in Sources */ = {isa = PBXBuildFile; fileRef = A301A14A1E1713C3006765E5 /* AppDelegate.swift */; };
		A301A14D1E1713C3006765E5 /* ViewController.swift in Sources */ = {isa = PBXBuildFile; fileRef = A301A14C1E1713C3006765E5 /* ViewController.swift */; };
		A301A1501E1713C3006765E5 /* Main.storyboard in Resources */ = {isa = PBXBuildFile; fileRef = A301A14E1E1713C3006765E5 /* Main.storyboard */; };
		A301A1521E1713C3006765E5 /* Assets.xcassets in Resources */ = {isa = PBXBuildFile; fileRef = A301A1511E1713C3006765E5 /* Assets.xcassets */; };
		A301A1551E1713C3006765E5 /* LaunchScreen.storyboard in Resources */ = {isa = PBXBuildFile; fileRef = A301A1531E1713C3006765E5 /* LaunchScreen.storyboard */; };
		A301A1601E1713C3006765E5 /* SaveTheKittensTests.swift in Sources */ = {isa = PBXBuildFile; fileRef = A301A15F1E1713C3006765E5 /* SaveTheKittensTests.swift */; };
		A301A16B1E1713C3006765E5 /* SaveTheKittensUITests.swift in Sources */ = {isa = PBXBuildFile; fileRef = A301A16A1E1713C3006765E5 /* SaveTheKittensUITests.swift */; };
/* End PBXBuildFile section */

/* Begin PBXContainerItemProxy section */
		A301A15C1E1713C3006765E5 /* PBXContainerItemProxy */ = {
			isa = PBXContainerItemProxy;
			containerPortal = A301A13F1E1713C2006765E5 /* Project object */;
			proxyType = 1;
			remoteGlobalIDString = A301A1461E1713C3006765E5;
			remoteInfo = SaveTheKittens;
		};
		A301A1671E1713C3006765E5 /* PBXContainerItemProxy */ = {
			isa = PBXContainerItemProxy;
			containerPortal = A301A13F1E1713C2006765E5 /* Project object */;
			proxyType = 1;
			remoteGlobalIDString = A301A1461E1713C3006765E5;
			remoteInfo = SaveTheKittens;
		};
/* End PBXContainerItemProxy section */

/* Begin PBXFileReference section */
		A301A1471E1713C3006765E5 /* SaveTheKittens.app */ = {isa = PBXFileReference; explicitFileType = wrapper.application; includeInIndex = 0; path = SaveTheKittens.app; sourceTree = BUILT_PRODUCTS_DIR; };
		A301A14A1E1713C3006765E5 /* AppDelegate.swift */ = {isa = PBXFileReference; lastKnownFileType = sourcecode.swift; path = AppDelegate.swift; sourceTree = "<group>"; };
		A301A14C1E1713C3006765E5 /* ViewController.swift */ = {isa = PBXFileReference; lastKnownFileType = sourcecode.swift; path = ViewController.swift; sourceTree = "<group>"; };
		A301A14F1E1713C3006765E5 /* Base */ = {isa = PBXFileReference; lastKnownFileType = file.storyboard; name = Base; path = Base.lproj/Main.storyboard; sourceTree = "<group>"; };
		A301A1511E1713C3006765E5 /* Assets.xcassets */ = {isa = PBXFileReference; lastKnownFileType = folder.assetcatalog; path = Assets.xcassets; sourceTree = "<group>"; };
		A301A1541E1713C3006765E5 /* Base */ = {isa = PBXFileReference; lastKnownFileType = file.storyboard; name = Base; path = Base.lproj/LaunchScreen.storyboard; sourceTree = "<group>"; };
		A301A1561E1713C3006765E5 /* Info.plist */ = {isa = PBXFileReference; lastKnownFileType = text.plist.xml; path = Info.plist; sourceTree = "<group>"; };
		A301A15B1E1713C3006765E5 /* SaveTheKittensTests.xctest */ = {isa = PBXFileReference; explicitFileType = wrapper.cfbundle; includeInIndex = 0; path = SaveTheKittensTests.xctest; sourceTree = BUILT_PRODUCTS_DIR; };
		A301A15F1E1713C3006765E5 /* SaveTheKittensTests.swift */ = {isa = PBXFileReference; lastKnownFileType = sourcecode.swift; path = SaveTheKittensTests.swift; sourceTree = "<group>"; };
		A301A1611E1713C3006765E5 /* Info.plist */ = {isa = PBXFileReference; lastKnownFileType = text.plist.xml; path = Info.plist; sourceTree = "<group>"; };
		A301A1661E1713C3006765E5 /* SaveTheKittensUITests.xctest */ = {isa = PBXFileReference; explicitFileType = wrapper.cfbundle; includeInIndex = 0; path = SaveTheKittensUITests.xctest; sourceTree = BUILT_PRODUCTS_DIR; };
		A301A16A1E1713C3006765E5 /* SaveTheKittensUITests.swift */ = {isa = PBXFileReference; lastKnownFileType = sourcecode.swift; path = SaveTheKittensUITests.swift; sourceTree = "<group>"; };
		A301A16C1E1713C3006765E5 /* Info.plist */ = {isa = PBXFileReference; lastKnownFileType = text.plist.xml; path = Info.plist; sourceTree = "<group>"; };
/* End PBXFileReference section */

/* Begin PBXFrameworksBuildPhase section */
		A301A1441E1713C3006765E5 /* Frameworks */ = {
			isa = PBXFrameworksBuildPhase;
			buildActionMask = 2147483647;
			files = (
			);
			runOnlyForDeploymentPostprocessing = 0;
		};
		A301A1581E1713C3006765E5 /* Frameworks */ = {
			isa = PBXFrameworksBuildPhase;
			buildActionMask = 2147483647;
			files = (
			);
			runOnlyForDeploymentPostprocessing = 0;
		};
		A301A1631E1713C3006765E5 /* Frameworks */ = {
			isa = PBXFrameworksBuildPhase;
			buildActionMask = 2147483647;
			files = (
			);
			runOnlyForDeploymentPostprocessing = 0;
		};
/* End PBXFrameworksBuildPhase section */

/* Begin PBXGroup section */
		A301A13E1E1713C2006765E5 = {
			isa = PBXGroup;
			children = (
				A301A1491E1713C3006765E5 /* SaveTheKittens */,
				A301A15E1E1713C3006765E5 /* SaveTheKittensTests */,
				A301A1691E1713C3006765E5 /* SaveTheKittensUITests */,
				A301A1481E1713C3006765E5 /* Products */,
			);
			sourceTree = "<group>";
		};
		A301A1481E1713C3006765E5 /* Products */ = {
			isa = PBXGroup;
			children = (
				A301A1471E1713C3006765E5 /* SaveTheKittens.app */,
				A301A15B1E1713C3006765E5 /* SaveTheKittensTests.xctest */,
				A301A1661E1713C3006765E5 /* SaveTheKittensUITests.xctest */,
			);
			name = Products;
			sourceTree = "<group>";
		};
		A301A1491E1713C3006765E5 /* SaveTheKittens */ = {
			isa = PBXGroup;
			children = (
				A301A14A1E1713C3006765E5 /* AppDelegate.swift */,
				A301A14C1E1713C3006765E5 /* ViewController.swift */,
				A301A14E1E1713C3006765E5 /* Main.storyboard */,
				A301A1511E1713C3006765E5 /* Assets.xcassets */,
				A301A1531E1713C3006765E5 /* LaunchScreen.storyboard */,
				A301A1561E1713C3006765E5 /* Info.plist */,
			);
			path = SaveTheKittens;
			sourceTree = "<group>";
		};
		A301A15E1E1713C3006765E5 /* SaveTheKittensTests */ = {
			isa = PBXGroup;
			children = (
				A301A15F1E1713C3006765E5 /* SaveTheKittensTests.swift */,
				A301A1611E1713C3006765E5 /* Info.plist */,
			);
			path = SaveTheKittensTests;
			sourceTree = "<group>";
		};
		A301A1691E1713C3006765E5 /* SaveTheKittensUITests */ = {
			isa = PBXGroup;
			children = (
				A301A16A1E1713C3006765E5 /* SaveTheKittensUITests.swift */,
				A301A16C1E1713C3006765E5 /* Info.plist */,
			);
			path = SaveTheKittensUITests;
			sourceTree = "<group>";
		};
/* End PBXGroup section */

/* Begin PBXNativeTarget section */
		A301A1461E1713C3006765E5 /* SaveTheKittens */ = {
			isa = PBXNativeTarget;
			buildConfigurationList = A301A16F1E1713C3006765E5 /* Build configuration list for PBXNativeTarget "SaveTheKittens" */;
			buildPhases = (
				A301A1431E1713C3006765E5 /* Sources */,
				A301A1441E1713C3006765E5 /* Frameworks */,
				A301A1451E1713C3006765E5 /* Resources */,
			);
			buildRules = (
			);
			dependencies = (
			);
			name = SaveTheKittens;
			productName = SaveTheKittens;
			productReference = A301A1471E1713C3006765E5 /* SaveTheKittens.app */;
			productType = "com.apple.product-type.application";
		};
		A301A15A1E1713C3006765E5 /* SaveTheKittensTests */ = {
			isa = PBXNativeTarget;
			buildConfigurationList = A301A1721E1713C3006765E5 /* Build configuration list for PBXNativeTarget "SaveTheKittensTests" */;
			buildPhases = (
				A301A1571E1713C3006765E5 /* Sources */,
				A301A1581E1713C3006765E5 /* Frameworks */,
				A301A1591E1713C3006765E5 /* Resources */,
			);
			buildRules = (
			);
			dependencies = (
				A301A15D1E1713C3006765E5 /* PBXTargetDependency */,
			);
			name = SaveTheKittensTests;
			productName = SaveTheKittensTests;
			productReference = A301A15B1E1713C3006765E5 /* SaveTheKittensTests.xctest */;
			productType = "com.apple.product-type.bundle.unit-test";
		};
		A301A1651E1713C3006765E5 /* SaveTheKittensUITests */ = {
			isa = PBXNativeTarget;
			buildConfigurationList = A301A1751E1713C3006765E5 /* Build configuration list for PBXNativeTarget "SaveTheKittensUITests" */;
			buildPhases = (
				A301A1621E1713C3006765E5 /* Sources */,
				A301A1631E1713C3006765E5 /* Frameworks */,
				A301A1641E1713C3006765E5 /* Resources */,
			);
			buildRules = (
			);
			dependencies = (
				A301A1681E1713C3006765E5 /* PBXTargetDependency */,
			);
			name = SaveTheKittensUITests;
			productName = SaveTheKittensUITests;
			productReference = A301A1661E1713C3006765E5 /* SaveTheKittensUITests.xctest */;
			productType = "com.apple.product-type.bundle.ui-testing";
		};
/* End PBXNativeTarget section */

/* Begin PBXProject section */
		A301A13F1E1713C2006765E5 /* Project object */ = {
			isa = PBXProject;
			attributes = {
				LastSwiftUpdateCheck = 0820;
				LastUpgradeCheck = 0820;
				ORGANIZATIONNAME = cloutlordcarl;
				TargetAttributes = {
					A301A1461E1713C3006765E5 = {
						CreatedOnToolsVersion = 8.2.1;
						ProvisioningStyle = Automatic;
					};
					A301A15A1E1713C3006765E5 = {
						CreatedOnToolsVersion = 8.2.1;
						ProvisioningStyle = Automatic;
						TestTargetID = A301A1461E1713C3006765E5;
					};
					A301A1651E1713C3006765E5 = {
						CreatedOnToolsVersion = 8.2.1;
						ProvisioningStyle = Automatic;
						TestTargetID = A301A1461E1713C3006765E5;
					};
				};
			};
			buildConfigurationList = A301A1421E1713C2006765E5 /* Build configuration list for PBXProject "SaveTheKittens" */;
			compatibilityVersion = "Xcode 3.2";
			developmentRegion = English;
			hasScannedForEncodings = 0;
			knownRegions = (
				en,
				Base,
			);
			mainGroup = A301A13E1E1713C2006765E5;
			productRefGroup = A301A1481E1713C3006765E5 /* Products */;
			projectDirPath = "";
			projectRoot = "";
			targets = (
				A301A1461E1713C3006765E5 /* SaveTheKittens */,
				A301A15A1E1713C3006765E5 /* SaveTheKittensTests */,
				A301A1651E1713C3006765E5 /* SaveTheKittensUITests */,
			);
		};
/* End PBXProject section */

/* Begin PBXResourcesBuildPhase section */
		A301A1451E1713C3006765E5 /* Resources */ = {
			isa = PBXResourcesBuildPhase;
			buildActionMask = 2147483647;
			files = (
				A301A1551E1713C3006765E5 /* LaunchScreen.storyboard in Resources */,
				A301A1521E1713C3006765E5 /* Assets.xcassets in Resources */,
				A301A1501E1713C3006765E5 /* Main.storyboard in Resources */,
			);
			runOnlyForDeploymentPostprocessing = 0;
		};
		A301A1591E1713C3006765E5 /* Resources */ = {
			isa = PBXResourcesBuildPhase;
			buildActionMask = 2147483647;
			files = (
			);
			runOnlyForDeploymentPostprocessing = 0;
		};
		A301A1641E1713C3006765E5 /* Resources */ = {
			isa = PBXResourcesBuildPhase;
			buildActionMask = 2147483647;
			files = (
			);
			runOnlyForDeploymentPostprocessing = 0;
		};
/* End PBXResourcesBuildPhase section */

/* Begin PBXSourcesBuildPhase section */
		A301A1431E1713C3006765E5 /* Sources */ = {
			isa = PBXSourcesBuildPhase;
			buildActionMask = 2147483647;
			files = (
				A301A14D1E1713C3006765E5 /* ViewController.swift in Sources */,
				A301A14B1E1713C3006765E5 /* AppDelegate.swift in Sources */,
			);
			runOnlyForDeploymentPostprocessing = 0;
		};
		A301A1571E1713C3006765E5 /* Sources */ = {
			isa = PBXSourcesBuildPhase;
			buildActionMask = 2147483647;
			files = (
				A301A1601E1713C3006765E5 /* SaveTheKittensTests.swift in Sources */,
			);
			runOnlyForDeploymentPostprocessing = 0;
		};
		A301A1621E1713C3006765E5 /* Sources */ = {
			isa = PBXSourcesBuildPhase;
			buildActionMask = 2147483647;
			files = (
				A301A16B1E1713C3006765E5 /* SaveTheKittensUITests.swift in Sources */,
			);
			runOnlyForDeploymentPostprocessing = 0;
		};
/* End PBXSourcesBuildPhase section */

/* Begin PBXTargetDependency section */
		A301A15D1E1713C3006765E5 /* PBXTargetDependency */ = {
			isa = PBXTargetDependency;
			target = A301A1461E1713C3006765E5 /* SaveTheKittens */;
			targetProxy = A301A15C1E1713C3006765E5 /* PBXContainerItemProxy */;
		};
		A301A1681E1713C3006765E5 /* PBXTargetDependency */ = {
			isa = PBXTargetDependency;
			target = A301A1461E1713C3006765E5 /* SaveTheKittens */;
			targetProxy = A301A1671E1713C3006765E5 /* PBXContainerItemProxy */;
		};
/* End PBXTargetDependency section */

/* Begin PBXVariantGroup section */
		A301A14E1E1713C3006765E5 /* Main.storyboard */ = {
			isa = PBXVariantGroup;
			children = (
				A301A14F1E1713C3006765E5 /* Base */,
			);
			name = Main.storyboard;
			sourceTree = "<group>";
		};
		A301A1531E1713C3006765E5 /* LaunchScreen.storyboard */ = {
			isa = PBXVariantGroup;
			children = (
				A301A1541E1713C3006765E5 /* Base */,
			);
			name = LaunchScreen.storyboard;
			sourceTree = "<group>";
		};
/* End PBXVariantGroup section */

/* Begin XCBuildConfiguration section */
		A301A16D1E1713C3006765E5 /* Debug */ = {
			isa = XCBuildConfiguration;
			buildSettings = {
				ALWAYS_SEARCH_USER_PATHS = NO;
				CLANG_ANALYZER_NONNULL = YES;
				CLANG_CXX_LANGUAGE_STANDARD = "gnu++0x";
				CLANG_CXX_LIBRARY = "libc++";
				CLANG_ENABLE_MODULES = YES;
				CLANG_ENABLE_OBJC_ARC = YES;
				CLANG_WARN_BOOL_CONVERSION = YES;
				CLANG_WARN_CONSTANT_CONVERSION = YES;
				CLANG_WARN_DIRECT_OBJC_ISA_USAGE = YES_ERROR;
				CLANG_WARN_DOCUMENTATION_COMMENTS = YES;
				CLANG_WARN_EMPTY_BODY = YES;
				CLANG_WARN_ENUM_CONVERSION = YES;
				CLANG_WARN_INFINITE_RECURSION = YES;
				CLANG_WARN_INT_CONVERSION = YES;
				CLANG_WARN_OBJC_ROOT_CLASS = YES_ERROR;
				CLANG_WARN_SUSPICIOUS_MOVE = YES;
				CLANG_WARN_UNREACHABLE_CODE = YES;
				CLANG_WARN__DUPLICATE_METHOD_MATCH = YES;
				"CODE_SIGN_IDENTITY[sdk=iphoneos*]" = "iPhone Developer";
				COPY_PHASE_STRIP = NO;
				DEBUG_INFORMATION_FORMAT = dwarf;
				ENABLE_STRICT_OBJC_MSGSEND = YES;
				ENABLE_TESTABILITY = YES;
				GCC_C_LANGUAGE_STANDARD = gnu99;
				GCC_DYNAMIC_NO_PIC = NO;
				GCC_NO_COMMON_BLOCKS = YES;
				GCC_OPTIMIZATION_LEVEL = 0;
				GCC_PREPROCESSOR_DEFINITIONS = (
					"DEBUG=1",
					"$(inherited)",
				);
				GCC_WARN_64_TO_32_BIT_CONVERSION = YES;
				GCC_WARN_ABOUT_RETURN_TYPE = YES_ERROR;
				GCC_WARN_UNDECLARED_SELECTOR = YES;
				GCC_WARN_UNINITIALIZED_AUTOS = YES_AGGRESSIVE;
				GCC_WARN_UNUSED_FUNCTION = YES;
				GCC_WARN_UNUSED_VARIABLE = YES;
				IPHONEOS_DEPLOYMENT_TARGET = 10.2;
				MTL_ENABLE_DEBUG_INFO = YES;
				ONLY_ACTIVE_ARCH = YES;
				SDKROOT = iphoneos;
				SWIFT_ACTIVE_COMPILATION_CONDITIONS = DEBUG;
				SWIFT_OPTIMIZATION_LEVEL = "-Onone";
				TARGETED_DEVICE_FAMILY = "1,2";
			};
			name = Debug;
		};
		A301A16E1E1713C3006765E5 /* Release */ = {
			isa = XCBuildConfiguration;
			buildSettings = {
				ALWAYS_SEARCH_USER_PATHS = NO;
				CLANG_ANALYZER_NONNULL = YES;
				CLANG_CXX_LANGUAGE_STANDARD = "gnu++0x";
				CLANG_CXX_LIBRARY = "libc++";
				CLANG_ENABLE_MODULES = YES;
				CLANG_ENABLE_OBJC_ARC = YES;
				CLANG_WARN_BOOL_CONVERSION = YES;
				CLANG_WARN_CONSTANT_CONVERSION = YES;
				CLANG_WARN_DIRECT_OBJC_ISA_USAGE = YES_ERROR;
				CLANG_WARN_DOCUMENTATION_COMMENTS = YES;
				CLANG_WARN_EMPTY_BODY = YES;
				CLANG_WARN_ENUM_CONVERSION = YES;
				CLANG_WARN_INFINITE_RECURSION = YES;
				CLANG_WARN_INT_CONVERSION = YES;
				CLANG_WARN_OBJC_ROOT_CLASS = YES_ERROR;
				CLANG_WARN_SUSPICIOUS_MOVE = YES;
				CLANG_WARN_UNREACHABLE_CODE = YES;
				CLANG_WARN__DUPLICATE_METHOD_MATCH = YES;
				"CODE_SIGN_IDENTITY[sdk=iphoneos*]" = "iPhone Developer";
				COPY_PHASE_STRIP = NO;
				DEBUG_INFORMATION_FORMAT = "dwarf-with-dsym";
				ENABLE_NS_ASSERTIONS = NO;
				ENABLE_STRICT_OBJC_MSGSEND = YES;
				GCC_C_LANGUAGE_STANDARD = gnu99;
				GCC_NO_COMMON_BLOCKS = YES;
				GCC_WARN_64_TO_32_BIT_CONVERSION = YES;
				GCC_WARN_ABOUT_RETURN_TYPE = YES_ERROR;
				GCC_WARN_UNDECLARED_SELECTOR = YES;
				GCC_WARN_UNINITIALIZED_AUTOS = YES_AGGRESSIVE;
				GCC_WARN_UNUSED_FUNCTION = YES;
				GCC_WARN_UNUSED_VARIABLE = YES;
				IPHONEOS_DEPLOYMENT_TARGET = 10.2;
				MTL_ENABLE_DEBUG_INFO = NO;
				SDKROOT = iphoneos;
				SWIFT_OPTIMIZATION_LEVEL = "-Owholemodule";
				TARGETED_DEVICE_FAMILY = "1,2";
				VALIDATE_PRODUCT = YES;
			};
			name = Release;
		};
		A301A1701E1713C3006765E5 /* Debug */ = {
			isa = XCBuildConfiguration;
			buildSettings = {
				ASSETCATALOG_COMPILER_APPICON_NAME = AppIcon;
				INFOPLIST_FILE = SaveTheKittens/Info.plist;
				LD_RUNPATH_SEARCH_PATHS = "$(inherited) @executable_path/Frameworks";
				PRODUCT_BUNDLE_IDENTIFIER = com.cloutlordcarl.SaveTheKittens;
				PRODUCT_NAME = "$(TARGET_NAME)";
				SWIFT_VERSION = 3.0;
			};
			name = Debug;
		};
		A301A1711E1713C3006765E5 /* Release */ = {
			isa = XCBuildConfiguration;
			buildSettings = {
				ASSETCATALOG_COMPILER_APPICON_NAME = AppIcon;
				INFOPLIST_FILE = SaveTheKittens/Info.plist;
				LD_RUNPATH_SEARCH_PATHS = "$(inherited) @executable_path/Frameworks";
				PRODUCT_BUNDLE_IDENTIFIER = com.cloutlordcarl.SaveTheKittens;
				PRODUCT_NAME = "$(TARGET_NAME)";
				SWIFT_VERSION = 3.0;
			};
			name = Release;
		};
		A301A1731E1713C3006765E5 /* Debug */ = {
			isa = XCBuildConfiguration;
			buildSettings = {
				ALWAYS_EMBED_SWIFT_STANDARD_LIBRARIES = YES;
				BUNDLE_LOADER = "$(TEST_HOST)";
				INFOPLIST_FILE = SaveTheKittensTests/Info.plist;
				LD_RUNPATH_SEARCH_PATHS = "$(inherited) @executable_path/Frameworks @loader_path/Frameworks";
				PRODUCT_BUNDLE_IDENTIFIER = com.cloutlordcarl.SaveTheKittensTests;
				PRODUCT_NAME = "$(TARGET_NAME)";
				SWIFT_VERSION = 3.0;
				TEST_HOST = "$(BUILT_PRODUCTS_DIR)/SaveTheKittens.app/SaveTheKittens";
			};
			name = Debug;
		};
		A301A1741E1713C3006765E5 /* Release */ = {
			isa = XCBuildConfiguration;
			buildSettings = {
				ALWAYS_EMBED_SWIFT_STANDARD_LIBRARIES = YES;
				BUNDLE_LOADER = "$(TEST_HOST)";
				INFOPLIST_FILE = SaveTheKittensTests/Info.plist;
				LD_RUNPATH_SEARCH_PATHS = "$(inherited) @executable_path/Frameworks @loader_path/Frameworks";
				PRODUCT_BUNDLE_IDENTIFIER = com.cloutlordcarl.SaveTheKittensTests;
				PRODUCT_NAME = "$(TARGET_NAME)";
				SWIFT_VERSION = 3.0;
				TEST_HOST = "$(BUILT_PRODUCTS_DIR)/SaveTheKittens.app/SaveTheKittens";
			};
			name = Release;
		};
		A301A1761E1713C3006765E5 /* Debug */ = {
			isa = XCBuildConfiguration;
			buildSettings = {
				ALWAYS_EMBED_SWIFT_STANDARD_LIBRARIES = YES;
				INFOPLIST_FILE = SaveTheKittensUITests/Info.plist;
				LD_RUNPATH_SEARCH_PATHS = "$(inherited) @executable_path/Frameworks @loader_path/Frameworks";
				PRODUCT_BUNDLE_IDENTIFIER = com.cloutlordcarl.SaveTheKittensUITests;
				PRODUCT_NAME = "$(TARGET_NAME)";
				SWIFT_VERSION = 3.0;
				TEST_TARGET_NAME = SaveTheKittens;
			};
			name = Debug;
		};
		A301A1771E1713C3006765E5 /* Release */ = {
			isa = XCBuildConfiguration;
			buildSettings = {
				ALWAYS_EMBED_SWIFT_STANDARD_LIBRARIES = YES;
				INFOPLIST_FILE = SaveTheKittensUITests/Info.plist;
				LD_RUNPATH_SEARCH_PATHS = "$(inherited) @executable_path/Frameworks @loader_path/Frameworks";
				PRODUCT_BUNDLE_IDENTIFIER = com.cloutlordcarl.SaveTheKittensUITests;
				PRODUCT_NAME = "$(TARGET_NAME)";
				SWIFT_VERSION = 3.0;
				TEST_TARGET_NAME = SaveTheKittens;
			};
			name = Release;
		};
/* End XCBuildConfiguration section */

/* Begin XCConfigurationList section */
		A301A1421E1713C2006765E5 /* Build configuration list for PBXProject "SaveTheKittens" */ = {
			isa = XCConfigurationList;
			buildConfigurations = (
				A301A16D1E1713C3006765E5 /* Debug */,
				A301A16E1E1713C3006765E5 /* Release */,
			);
			defaultConfigurationIsVisible = 0;
			defaultConfigurationName = Release;
		};
		A301A16F1E1713C3006765E5 /* Build configuration list for PBXNativeTarget "SaveTheKittens" */ = {
			isa = XCConfigurationList;
			buildConfigurations = (
				A301A1701E1713C3006765E5 /* Debug */,
				A301A1711E1713C3006765E5 /* Release */,
			);
			defaultConfigurationIsVisible = 0;
		};
		A301A1721E1713C3006765E5 /* Build configuration list for PBXNativeTarget "SaveTheKittensTests" */ = {
			isa = XCConfigurationList;
			buildConfigurations = (
				A301A1731E1713C3006765E5 /* Debug */,
				A301A1741E1713C3006765E5 /* Release */,
			);
			defaultConfigurationIsVisible = 0;
		};
		A301A1751E1713C3006765E5 /* Build configuration list for PBXNativeTarget "SaveTheKittensUITests" */ = {
			isa = XCConfigurationList;
			buildConfigurations = (
				A301A1761E1713C3006765E5 /* Debug */,
				A301A1771E1713C3006765E5 /* Release */,
			);
			defaultConfigurationIsVisible = 0;
		};
/* End XCConfigurationList section */
	};
	rootObject = A301A13F1E1713C2006765E5 /* Project object */;
}
